
Microsoft Visual Studio Solution File, Format Version 12.00
# Visual Studio Version 17
VisualStudioVersion = 17.3.32922.545
MinimumVisualStudioVersion = 10.0.40219.1
Project("{9A19103F-16F7-4668-BE54-9A1E7A4F7556}") = "Youtube Stream Record", "Youtube Stream Record\Youtube Stream Record.csproj", "{B1C5D5CF-6880-4431-8991-5207335679BA}"
EndProject
Global
	GlobalSection(SolutionConfigurationPlatforms) = preSolution
		Debug|Any CPU = Debug|Any CPU
		Release|Any CPU = Release|Any CPU
	EndGlobalSection
	GlobalSection(ProjectConfigurationPlatforms) = postSolution
		{B1C5D5CF-6880-4431-8991-5207335679BA}.Debug|Any CPU.ActiveCfg = Debug|Any CPU
		{B1C5D5CF-6880-4431-8991-5207335679BA}.Debug|Any CPU.Build.0 = Debug|Any CPU
		{B1C5D5CF-6880-4431-8991-5207335679BA}.Release|Any CPU.ActiveCfg = Release|Any CPU
		{B1C5D5CF-6880-4431-8991-5207335679BA}.Release|Any CPU.Build.0 = Release|Any CPU
	EndGlobalSection
	GlobalSection(SolutionProperties) = preSolution
		HideSolutionNode = FALSE
	EndGlobalSection
	GlobalSection(ExtensibilityGlobals) = postSolution
		SolutionGuid = {F6F1D21D-03E0-4D5A-8E92-AFBD9A035CA0}
	EndGlobalSection
EndGlobal
